<?xml version="1.0" encoding="utf-8"?>
<Project ToolsVersion="4.0" xmlns="http://schemas.microsoft.com/developer/msbuild/2003">
  <ItemGroup>
    <Filter Include="Source Files">
      <UniqueIdentifier>{4FC737F1-C7A5-4376-A066-2A32D752A2FF}</UniqueIdentifier>
      <Extensions>cpp;c;cc;cxx;def;odl;idl;hpj;bat;asm;asmx</Extensions>
    </Filter>
    <Filter Include="Header Files">
      <UniqueIdentifier>{93995380-89BD-4b04-88EB-625FBE52EBFB}</UniqueIdentifier>
      <Extensions>h;hh;hpp;hxx;hm;inl;inc;xsd</Extensions>
    </Filter>
    <Filter Include="Source Files\common">
      <UniqueIdentifier>{2016d011-7ad4-488e-bef1-f5601816cd0e}</UniqueIdentifier>
    </Filter>
    <Filter Include="Source Files\common\src">
      <UniqueIdentifier>{acf9cb3c-8c48-4c04-96d7-77be410b2d50}</UniqueIdentifier>
    </Filter>
    <Filter Include="Header Files\export">
      <UniqueIdentifier>{01be8995-5405-4ed8-95e9-bc2718fbbcf8}</UniqueIdentifier>
    </Filter>
    <Filter Include="Header Files\common">
      <UniqueIdentifier>{d0d16fcd-5f56-494a-a949-8ea48bce7c4f}</UniqueIdentifier>
    </Filter>
    <Filter Include="Header Files\common\inc">
      <UniqueIdentifier>{c9a67ae8-61a9-4a8b-abe2-4ca98dd86ea5}</UniqueIdentifier>
    </Filter>
    <Filter Include="Header Files\common\inc\TestResource">
      <UniqueIdentifier>{6e9295cc-d4f2-4902-af7e-f15c3d3811e5}</UniqueIdentifier>
    </Filter>
    <Filter Include="Source Files\common\src\TestResource">
      <UniqueIdentifier>{9eed1826-6cba-4768-baac-9ebc7a603c80}</UniqueIdentifier>
    </Filter>
    <Filter Include="Source Files\common\src\cbor">
      <UniqueIdentifier>{19e901d8-992e-4486-a407-0779e3716676}</UniqueIdentifier>
    </Filter>
    <Filter Include="Header Files\common\inc\cbor">
      <UniqueIdentifier>{0287511e-b4f3-4e8c-b8f5-4f448bc12e1e}</UniqueIdentifier>
    </Filter>
  </ItemGroup>
  <ItemGroup>
    <ClCompile Include="..\..\..\..\code\stack\common\src\Exchange.cpp">
      <Filter>Source Files\common\src</Filter>
    </ClCompile>
    <ClCompile Include="..\..\..\..\code\stack\common\src\MessageSender.cpp">
      <Filter>Source Files\common\src</Filter>
    </ClCompile>
    <ClCompile Include="..\..\..\..\code\stack\common\src\ResourceMgr.cpp">
      <Filter>Source Files\common\src</Filter>
    </ClCompile>
    <ClCompile Include="..\..\..\..\code\stack\common\src\ResPropValue.cpp">
      <Filter>Source Files\common\src</Filter>
    </ClCompile>
    <ClCompile Include="..\..\..\..\code\stack\common\src\BaseResource.cpp">
      <Filter>Source Files\common\src</Filter>
    </ClCompile>
    <ClCompile Include="..\..\..\..\code\stack\common\src\WellKnownResource.cpp">
      <Filter>Source Files\common\src</Filter>
    </ClCompile>
    <ClCompile Include="..\..\..\..\code\stack\common\src\DeviceResource.cpp">
      <Filter>Source Files\common\src</Filter>
    </ClCompile>
    <ClCompile Include="..\..\..\..\code\stack\common\src\QueryContainer.cpp">
      <Filter>Source Files\common\src</Filter>
    </ClCompile>
    <ClCompile Include="..\..\..\..\code\stack\common\src\TestResource\SmallPiggybackResource.cpp">
      <Filter>Source Files\common\src\TestResource</Filter>
    </ClCompile>
    <ClCompile Include="..\..\..\..\code\stack\common\src\TestResource\SmallSlowResponseResource.cpp">
      <Filter>Source Files\common\src\TestResource</Filter>
    </ClCompile>
    <ClCompile Include="..\..\..\..\code\stack\common\src\TestResource\SmallNonResponseResource.cpp">
      <Filter>Source Files\common\src\TestResource</Filter>
    </ClCompile>
    <ClCompile Include="..\..\..\..\code\stack\common\src\InteractionStore.cpp">
      <Filter>Source Files\common\src</Filter>
    </ClCompile>
    <ClCompile Include="..\..\..\..\code\stack\common\src\TestResource\BigPbResponse.cpp">
      <Filter>Source Files\common\src\TestResource</Filter>
    </ClCompile>
    <ClCompile Include="..\..\..\..\code\stack\common\src\TestResource\BigCONResponse.cpp">
      <Filter>Source Files\common\src\TestResource</Filter>
    </ClCompile>
    <ClCompile Include="..\..\..\..\code\stack\common\src\TestResource\BigNONResponse.cpp">
      <Filter>Source Files\common\src\TestResource</Filter>
    </ClCompile>
    <ClCompile Include="..\..\..\..\code\stack\common\src\BlockTransferStatus.cpp">
      <Filter>Source Files\common\src</Filter>
    </ClCompile>
    <ClCompile Include="..\..\..\..\code\stack\common\src\MessageIdProvider.cpp">
      <Filter>Source Files\common\src</Filter>
    </ClCompile>
    <ClCompile Include="..\..\..\..\code\stack\common\src\TokenProvider.cpp">
      <Filter>Source Files\common\src</Filter>
    </ClCompile>
    <ClCompile Include="..\..\..\..\code\stack\common\src\BaseInteraction.cpp">
      <Filter>Source Files\common\src</Filter>
    </ClCompile>
    <ClCompile Include="..\..\..\..\code\stack\common\src\ClientInteraction.cpp">
      <Filter>Source Files\common\src</Filter>
    </ClCompile>
    <ClCompile Include="..\..\..\..\code\stack\common\src\ServerInteraction.cpp">
      <Filter>Source Files\common\src</Filter>
    </ClCompile>
    <ClCompile Include="..\..\..\..\code\stack\common\src\MsgStack.cpp">
      <Filter>Source Files\common\src</Filter>
    </ClCompile>
    <ClCompile Include="..\..\..\..\code\stack\common\src\MulticastClientInteraction.cpp">
      <Filter>Source Files\common\src</Filter>
    </ClCompile>
    <ClCompile Include="..\..\..\..\code\stack\common\src\cbor\CborCodec.cpp">
      <Filter>Source Files\common\src\cbor</Filter>
    </ClCompile>
    <ClCompile Include="..\..\..\..\code\stack\common\src\cbor\CborStreaming.cpp">
      <Filter>Source Files\common\src\cbor</Filter>
    </ClCompile>
    <ClCompile Include="..\..\..\..\code\stack\common\src\cbor\CborEncoding.cpp">
      <Filter>Source Files\common\src\cbor</Filter>
    </ClCompile>
    <ClCompile Include="..\..\..\..\code\stack\common\src\cbor\CborItem.cpp">
      <Filter>Source Files\common\src\cbor</Filter>
    </ClCompile>
    <ClCompile Include="..\..\..\..\code\stack\common\src\cbor\CborItemBuilder.cpp">
      <Filter>Source Files\common\src\cbor</Filter>
    </ClCompile>
    <ClCompile Include="..\..\..\..\code\stack\common\src\cbor\CborPrettyPrinter.cpp">
      <Filter>Source Files\common\src\cbor</Filter>
    </ClCompile>
  </ItemGroup>
  <ItemGroup>
    <ClInclude Include="..\..\..\..\code\stack\export\TransactionKeys.h">
      <Filter>Header Files\export</Filter>
    </ClInclude>
    <ClInclude Include="..\..\..\..\code\stack\export\Exchange.h">
      <Filter>Header Files\export</Filter>
    </ClInclude>
    <ClInclude Include="..\..\..\..\code\stack\export\MessageSender.h">
      <Filter>Header Files\export</Filter>
    </ClInclude>
    <ClInclude Include="..\..\..\..\code\stack\export\StackEvents.h">
      <Filter>Header Files\export</Filter>
    </ClInclude>
    <ClInclude Include="..\..\..\..\code\stack\export\IResource.h">
      <Filter>Header Files\export</Filter>
    </ClInclude>
    <ClInclude Include="..\..\..\..\code\stack\export\ResourceMgr.h">
      <Filter>Header Files\export</Filter>
    </ClInclude>
    <ClInclude Include="..\..\..\..\code\stack\export\ResPropValue.h">
      <Filter>Header Files\export</Filter>
    </ClInclude>
    <ClInclude Include="..\..\..\..\code\stack\export\ResourceConsts.h">
      <Filter>Header Files\export</Filter>
    </ClInclude>
    <ClInclude Include="..\..\..\..\code\stack\export\BaseResource.h">
      <Filter>Header Files\export</Filter>
    </ClInclude>
    <ClInclude Include="..\..\..\..\code\stack\common\inc\WellKnownResource.h">
      <Filter>Header Files\common\inc</Filter>
    </ClInclude>
    <ClInclude Include="..\..\..\..\code\stack\common\inc\DeviceResource.h">
      <Filter>Header Files\common\inc</Filter>
    </ClInclude>
    <ClInclude Include="..\..\..\..\code\stack\export\DeviceInfo.h">
      <Filter>Header Files\export</Filter>
    </ClInclude>
    <ClInclude Include="..\..\..\..\code\stack\export\StackConsts.h">
      <Filter>Header Files\export</Filter>
    </ClInclude>
    <ClInclude Include="..\..\..\..\code\stack\common\inc\TestResource\SmallPiggyBackResource.h">
      <Filter>Header Files\common\inc\TestResource</Filter>
    </ClInclude>
    <ClInclude Include="..\..\..\..\code\stack\common\inc\TestResource\SmallSlowResponseResource.h">
      <Filter>Header Files\common\inc\TestResource</Filter>
    </ClInclude>
    <ClInclude Include="..\..\..\..\code\stack\common\inc\TestResource\SmallNonResponseResource.h">
      <Filter>Header Files\common\inc\TestResource</Filter>
    </ClInclude>
    <ClInclude Include="..\..\..\..\code\stack\common\inc\InteractionStore.h">
      <Filter>Header Files\common\inc</Filter>
    </ClInclude>
    <ClInclude Include="..\..\..\..\code\stack\common\inc\TestResource\BigPbResponse.h">
      <Filter>Header Files\common\inc\TestResource</Filter>
    </ClInclude>
    <ClInclude Include="..\..\..\..\code\stack\common\inc\TestResource\BigCONResponse.h">
      <Filter>Header Files\common\inc\TestResource</Filter>
    </ClInclude>
    <ClInclude Include="..\..\..\..\code\stack\common\inc\TestResource\BigNONResponse.h">
      <Filter>Header Files\common\inc\TestResource</Filter>
    </ClInclude>
    <ClInclude Include="..\..\..\..\code\stack\common\inc\BlockTransferStatus.h">
      <Filter>Header Files\common\inc</Filter>
    </ClInclude>
    <ClInclude Include="..\..\..\..\code\stack\export\StackConfig.h">
      <Filter>Header Files\export</Filter>
    </ClInclude>
    <ClInclude Include="..\..\..\..\code\stack\export\StackMessage.h">
      <Filter>Header Files\export</Filter>
    </ClInclude>
    <ClInclude Include="..\..\..\..\code\stack\common\inc\TokenProvider.h">
      <Filter>Header Files\common\inc</Filter>
    </ClInclude>
    <ClInclude Include="..\..\..\..\code\stack\common\inc\MessageIdProvider.h">
      <Filter>Header Files\common\inc</Filter>
    </ClInclude>
    <ClInclude Include="..\..\..\..\code\stack\common\inc\BaseInteraction.h">
      <Filter>Header Files\common\inc</Filter>
    </ClInclude>
    <ClInclude Include="..\..\..\..\code\stack\common\inc\ClientInteraction.h">
      <Filter>Header Files\common\inc</Filter>
    </ClInclude>
    <ClInclude Include="..\..\..\..\code\stack\common\inc\ServerInteraction.h">
      <Filter>Header Files\common\inc</Filter>
    </ClInclude>
    <ClInclude Include="..\..\..\..\code\stack\export\Interaction.h">
      <Filter>Header Files\export</Filter>
    </ClInclude>
    <ClInclude Include="..\..\..\..\code\stack\export\MsgStack.h">
      <Filter>Header Files\export</Filter>
    </ClInclude>
    <ClInclude Include="..\..\..\..\code\stack\common\inc\MulticastClientInteraction.h">
      <Filter>Header Files\common\inc</Filter>
    </ClInclude>
    <ClInclude Include="..\..\..\..\code\stack\export\QueryContainer.h">
      <Filter>Header Files\export</Filter>
    </ClInclude>
    <ClInclude Include="..\..\..\..\code\stack\export\cbor\ICborDecoderListener.h">
      <Filter>Header Files\common\inc\cbor</Filter>
    </ClInclude>
    <ClInclude Include="..\..\..\..\code\stack\export\cbor\CborCodec.h">
      <Filter>Header Files\common\inc\cbor</Filter>
    </ClInclude>
    <ClInclude Include="..\..\..\..\code\stack\export\cbor\CborDecoder.h">
      <Filter>Header Files\common\inc\cbor</Filter>
    </ClInclude>
    <ClInclude Include="..\..\..\..\code\stack\export\cbor\CborDecoderBuffer.h">
      <Filter>Header Files\common\inc\cbor</Filter>
    </ClInclude>
    <ClInclude Include="..\..\..\..\code\stack\export\cbor\CborEncoder.h">
      <Filter>Header Files\common\inc\cbor</Filter>
    </ClInclude>
    <ClInclude Include="..\..\..\..\code\stack\export\cbor\CborEncoderBuffer.h">
      <Filter>Header Files\common\inc\cbor</Filter>
    </ClInclude>
    <ClInclude Include="..\..\..\..\code\stack\export\cbor\CborEncoding.h">
      <Filter>Header Files\common\inc\cbor</Filter>
    </ClInclude>
    <ClInclude Include="..\..\..\..\code\stack\export\cbor\CborItem.h">
      <Filter>Header Files\common\inc\cbor</Filter>
    </ClInclude>
    <ClInclude Include="..\..\..\..\code\stack\export\cbor\CborItemBuilder.h">
      <Filter>Header Files\common\inc\cbor</Filter>
    </ClInclude>
    <ClInclude Include="..\..\..\..\code\stack\export\cbor\CborListener.h">
      <Filter>Header Files\common\inc\cbor</Filter>
    </ClInclude>
    <ClInclude Include="..\..\..\..\code\stack\export\cbor\CborPrettyPrinter.h">
      <Filter>Header Files\common\inc\cbor</Filter>
    </ClInclude>
    <ClInclude Include="..\..\..\..\code\stack\export\cbor\CborStreaming.h">
      <Filter>Header Files\common\inc\cbor</Filter>
    </ClInclude>
    <ClInclude Include="..\..\..\..\code\stack\export\cbor\CborTypedefs.h">
      <Filter>Header Files\common\inc\cbor</Filter>
    </ClInclude>
  </ItemGroup>
</Project>