
Microsoft Visual Studio Solution File, Format Version 12.00
# Visual Studio 15
VisualStudioVersion = 15.0.27130.2027
MinimumVisualStudioVersion = 10.0.40219.1
Project("{8BC9CEB8-8B4A-11D0-8D11-00A0C91BC942}") = "libosal", "libosal\libosal.vcxproj", "{5CB76774-7741-4E09-AAC0-B520B59740C7}"
	ProjectSection(ProjectDependencies) = postProject
		{F16B5842-63D3-42C0-8E49-B3E1BB958FB5} = {F16B5842-63D3-42C0-8E49-B3E1BB958FB5}
	EndProjectSection
EndProject
Project("{8BC9CEB8-8B4A-11D0-8D11-00A0C91BC942}") = "libbase", "libbase\libbase.vcxproj", "{F16B5842-63D3-42C0-8E49-B3E1BB958FB5}"
EndProject
Project("{8BC9CEB8-8B4A-11D0-8D11-00A0C91BC942}") = "libmemory", "libmemory\libmemory.vcxproj", "{DA1C0566-9B05-4E32-A7DD-99C85AB6F07B}"
	ProjectSection(ProjectDependencies) = postProject
		{F16B5842-63D3-42C0-8E49-B3E1BB958FB5} = {F16B5842-63D3-42C0-8E49-B3E1BB958FB5}
	EndProjectSection
EndProject
Project("{8BC9CEB8-8B4A-11D0-8D11-00A0C91BC942}") = "libnetwork", "libnetwork\libnetwork.vcxproj", "{7C066383-2578-445F-ACAD-457ED603EBC2}"
	ProjectSection(ProjectDependencies) = postProject
		{F16B5842-63D3-42C0-8E49-B3E1BB958FB5} = {F16B5842-63D3-42C0-8E49-B3E1BB958FB5}
		{DA1C0566-9B05-4E32-A7DD-99C85AB6F07B} = {DA1C0566-9B05-4E32-A7DD-99C85AB6F07B}
		{5CB76774-7741-4E09-AAC0-B520B59740C7} = {5CB76774-7741-4E09-AAC0-B520B59740C7}
	EndProjectSection
EndProject
Project("{2150E333-8FDC-42A3-9474-1A3956D46DE8}") = "apps", "apps", "{D36EABCB-5B27-4E9C-B606-6B767E14DFF2}"
EndProject
Project("{2150E333-8FDC-42A3-9474-1A3956D46DE8}") = "libs", "libs", "{4EE62742-1D7A-48C2-AA79-F7A4944FCEE4}"
EndProject
Project("{8BC9CEB8-8B4A-11D0-8D11-00A0C91BC942}") = "temp_project", "temp_project\temp_project.vcxproj", "{A7449ED3-8DD4-4A96-884D-0E3DCC5F7251}"
EndProject
Project("{8BC9CEB8-8B4A-11D0-8D11-00A0C91BC942}") = "TimerTest", "TimerTest\TimerTest.vcxproj", "{D43B53C8-5217-437A-9A69-C17A73EAE34F}"
EndProject
Project("{8BC9CEB8-8B4A-11D0-8D11-00A0C91BC942}") = "libstack", "libstack\libstack.vcxproj", "{11642C3A-9558-41A1-9342-4FC0B6E20AE0}"
EndProject
Project("{2150E333-8FDC-42A3-9474-1A3956D46DE8}") = "tests", "tests", "{393A36E0-76AB-445D-9C2B-74CAF4A1FB13}"
EndProject
Project("{8BC9CEB8-8B4A-11D0-8D11-00A0C91BC942}") = "ja-coap-client", "ja-coap-client\ja-coap-client.vcxproj", "{0A58B22A-66B7-4432-8504-9666361E677D}"
EndProject
Project("{8BC9CEB8-8B4A-11D0-8D11-00A0C91BC942}") = "ja-coap-server", "ja-coap-server\ja-coap-server.vcxproj", "{5ACC37DD-73FC-4EEB-8859-9464FD773178}"
EndProject
Project("{8BC9CEB8-8B4A-11D0-8D11-00A0C91BC942}") = "BedroomCollection", "BedroomCollection\BedroomCollection.vcxproj", "{3449E88D-A929-4ACB-A2C4-5B06B3C10A8F}"
EndProject
Global
	GlobalSection(SolutionConfigurationPlatforms) = preSolution
		Debug|ARM = Debug|ARM
		Debug|x64 = Debug|x64
		Debug|x86 = Debug|x86
		raspberry_debug|ARM = raspberry_debug|ARM
		raspberry_debug|x64 = raspberry_debug|x64
		raspberry_debug|x86 = raspberry_debug|x86
		Release|ARM = Release|ARM
		Release|x64 = Release|x64
		Release|x86 = Release|x86
	EndGlobalSection
	GlobalSection(ProjectConfigurationPlatforms) = postSolution
		{5CB76774-7741-4E09-AAC0-B520B59740C7}.Debug|ARM.ActiveCfg = Debug|ARM
		{5CB76774-7741-4E09-AAC0-B520B59740C7}.Debug|ARM.Build.0 = Debug|ARM
		{5CB76774-7741-4E09-AAC0-B520B59740C7}.Debug|ARM.Deploy.0 = Debug|ARM
		{5CB76774-7741-4E09-AAC0-B520B59740C7}.Debug|x64.ActiveCfg = Debug|Win32
		{5CB76774-7741-4E09-AAC0-B520B59740C7}.Debug|x64.Build.0 = Debug|Win32
		{5CB76774-7741-4E09-AAC0-B520B59740C7}.Debug|x86.ActiveCfg = Debug|Win32
		{5CB76774-7741-4E09-AAC0-B520B59740C7}.Debug|x86.Build.0 = Debug|Win32
		{5CB76774-7741-4E09-AAC0-B520B59740C7}.raspberry_debug|ARM.ActiveCfg = raspberry_debug|ARM
		{5CB76774-7741-4E09-AAC0-B520B59740C7}.raspberry_debug|ARM.Build.0 = raspberry_debug|ARM
		{5CB76774-7741-4E09-AAC0-B520B59740C7}.raspberry_debug|x64.ActiveCfg = raspberry_debug|x64
		{5CB76774-7741-4E09-AAC0-B520B59740C7}.raspberry_debug|x64.Build.0 = raspberry_debug|x64
		{5CB76774-7741-4E09-AAC0-B520B59740C7}.raspberry_debug|x86.ActiveCfg = raspberry_debug|Win32
		{5CB76774-7741-4E09-AAC0-B520B59740C7}.raspberry_debug|x86.Build.0 = raspberry_debug|Win32
		{5CB76774-7741-4E09-AAC0-B520B59740C7}.Release|ARM.ActiveCfg = Release|ARM
		{5CB76774-7741-4E09-AAC0-B520B59740C7}.Release|ARM.Build.0 = Release|ARM
		{5CB76774-7741-4E09-AAC0-B520B59740C7}.Release|ARM.Deploy.0 = Release|ARM
		{5CB76774-7741-4E09-AAC0-B520B59740C7}.Release|x64.ActiveCfg = Release|x64
		{5CB76774-7741-4E09-AAC0-B520B59740C7}.Release|x64.Build.0 = Release|x64
		{5CB76774-7741-4E09-AAC0-B520B59740C7}.Release|x86.ActiveCfg = Release|Win32
		{5CB76774-7741-4E09-AAC0-B520B59740C7}.Release|x86.Build.0 = Release|Win32
		{F16B5842-63D3-42C0-8E49-B3E1BB958FB5}.Debug|ARM.ActiveCfg = Debug|ARM
		{F16B5842-63D3-42C0-8E49-B3E1BB958FB5}.Debug|ARM.Build.0 = Debug|ARM
		{F16B5842-63D3-42C0-8E49-B3E1BB958FB5}.Debug|ARM.Deploy.0 = Debug|ARM
		{F16B5842-63D3-42C0-8E49-B3E1BB958FB5}.Debug|x64.ActiveCfg = Debug|Win32
		{F16B5842-63D3-42C0-8E49-B3E1BB958FB5}.Debug|x64.Build.0 = Debug|Win32
		{F16B5842-63D3-42C0-8E49-B3E1BB958FB5}.Debug|x86.ActiveCfg = Debug|Win32
		{F16B5842-63D3-42C0-8E49-B3E1BB958FB5}.Debug|x86.Build.0 = Debug|Win32
		{F16B5842-63D3-42C0-8E49-B3E1BB958FB5}.raspberry_debug|ARM.ActiveCfg = raspberry_debug|ARM
		{F16B5842-63D3-42C0-8E49-B3E1BB958FB5}.raspberry_debug|ARM.Build.0 = raspberry_debug|ARM
		{F16B5842-63D3-42C0-8E49-B3E1BB958FB5}.raspberry_debug|x64.ActiveCfg = raspberry_debug|x64
		{F16B5842-63D3-42C0-8E49-B3E1BB958FB5}.raspberry_debug|x64.Build.0 = raspberry_debug|x64
		{F16B5842-63D3-42C0-8E49-B3E1BB958FB5}.raspberry_debug|x86.ActiveCfg = raspberry_debug|Win32
		{F16B5842-63D3-42C0-8E49-B3E1BB958FB5}.raspberry_debug|x86.Build.0 = raspberry_debug|Win32
		{F16B5842-63D3-42C0-8E49-B3E1BB958FB5}.Release|ARM.ActiveCfg = Release|ARM
		{F16B5842-63D3-42C0-8E49-B3E1BB958FB5}.Release|ARM.Build.0 = Release|ARM
		{F16B5842-63D3-42C0-8E49-B3E1BB958FB5}.Release|ARM.Deploy.0 = Release|ARM
		{F16B5842-63D3-42C0-8E49-B3E1BB958FB5}.Release|x64.ActiveCfg = Release|x64
		{F16B5842-63D3-42C0-8E49-B3E1BB958FB5}.Release|x64.Build.0 = Release|x64
		{F16B5842-63D3-42C0-8E49-B3E1BB958FB5}.Release|x86.ActiveCfg = Release|Win32
		{F16B5842-63D3-42C0-8E49-B3E1BB958FB5}.Release|x86.Build.0 = Release|Win32
		{DA1C0566-9B05-4E32-A7DD-99C85AB6F07B}.Debug|ARM.ActiveCfg = Debug|ARM
		{DA1C0566-9B05-4E32-A7DD-99C85AB6F07B}.Debug|ARM.Build.0 = Debug|ARM
		{DA1C0566-9B05-4E32-A7DD-99C85AB6F07B}.Debug|ARM.Deploy.0 = Debug|ARM
		{DA1C0566-9B05-4E32-A7DD-99C85AB6F07B}.Debug|x64.ActiveCfg = Debug|Win32
		{DA1C0566-9B05-4E32-A7DD-99C85AB6F07B}.Debug|x64.Build.0 = Debug|Win32
		{DA1C0566-9B05-4E32-A7DD-99C85AB6F07B}.Debug|x86.ActiveCfg = Debug|Win32
		{DA1C0566-9B05-4E32-A7DD-99C85AB6F07B}.Debug|x86.Build.0 = Debug|Win32
		{DA1C0566-9B05-4E32-A7DD-99C85AB6F07B}.raspberry_debug|ARM.ActiveCfg = raspberry_debug|ARM
		{DA1C0566-9B05-4E32-A7DD-99C85AB6F07B}.raspberry_debug|ARM.Build.0 = raspberry_debug|ARM
		{DA1C0566-9B05-4E32-A7DD-99C85AB6F07B}.raspberry_debug|ARM.Deploy.0 = raspberry_debug|ARM
		{DA1C0566-9B05-4E32-A7DD-99C85AB6F07B}.raspberry_debug|x64.ActiveCfg = raspberry_debug|x64
		{DA1C0566-9B05-4E32-A7DD-99C85AB6F07B}.raspberry_debug|x64.Build.0 = raspberry_debug|x64
		{DA1C0566-9B05-4E32-A7DD-99C85AB6F07B}.raspberry_debug|x64.Deploy.0 = raspberry_debug|x64
		{DA1C0566-9B05-4E32-A7DD-99C85AB6F07B}.raspberry_debug|x86.ActiveCfg = raspberry_debug|Win32
		{DA1C0566-9B05-4E32-A7DD-99C85AB6F07B}.raspberry_debug|x86.Build.0 = raspberry_debug|Win32
		{DA1C0566-9B05-4E32-A7DD-99C85AB6F07B}.raspberry_debug|x86.Deploy.0 = raspberry_debug|Win32
		{DA1C0566-9B05-4E32-A7DD-99C85AB6F07B}.Release|ARM.ActiveCfg = Release|ARM
		{DA1C0566-9B05-4E32-A7DD-99C85AB6F07B}.Release|ARM.Build.0 = Release|ARM
		{DA1C0566-9B05-4E32-A7DD-99C85AB6F07B}.Release|ARM.Deploy.0 = Release|ARM
		{DA1C0566-9B05-4E32-A7DD-99C85AB6F07B}.Release|x64.ActiveCfg = Release|x64
		{DA1C0566-9B05-4E32-A7DD-99C85AB6F07B}.Release|x64.Build.0 = Release|x64
		{DA1C0566-9B05-4E32-A7DD-99C85AB6F07B}.Release|x86.ActiveCfg = Release|Win32
		{DA1C0566-9B05-4E32-A7DD-99C85AB6F07B}.Release|x86.Build.0 = Release|Win32
		{7C066383-2578-445F-ACAD-457ED603EBC2}.Debug|ARM.ActiveCfg = Debug|ARM
		{7C066383-2578-445F-ACAD-457ED603EBC2}.Debug|ARM.Build.0 = Debug|ARM
		{7C066383-2578-445F-ACAD-457ED603EBC2}.Debug|x64.ActiveCfg = Debug|Win32
		{7C066383-2578-445F-ACAD-457ED603EBC2}.Debug|x64.Build.0 = Debug|Win32
		{7C066383-2578-445F-ACAD-457ED603EBC2}.Debug|x86.ActiveCfg = Debug|Win32
		{7C066383-2578-445F-ACAD-457ED603EBC2}.Debug|x86.Build.0 = Debug|Win32
		{7C066383-2578-445F-ACAD-457ED603EBC2}.raspberry_debug|ARM.ActiveCfg = raspberry_debug|ARM
		{7C066383-2578-445F-ACAD-457ED603EBC2}.raspberry_debug|ARM.Build.0 = raspberry_debug|ARM
		{7C066383-2578-445F-ACAD-457ED603EBC2}.raspberry_debug|x64.ActiveCfg = raspberry_debug|x64
		{7C066383-2578-445F-ACAD-457ED603EBC2}.raspberry_debug|x64.Build.0 = raspberry_debug|x64
		{7C066383-2578-445F-ACAD-457ED603EBC2}.raspberry_debug|x86.ActiveCfg = raspberry_debug|Win32
		{7C066383-2578-445F-ACAD-457ED603EBC2}.raspberry_debug|x86.Build.0 = raspberry_debug|Win32
		{7C066383-2578-445F-ACAD-457ED603EBC2}.Release|ARM.ActiveCfg = Release|ARM
		{7C066383-2578-445F-ACAD-457ED603EBC2}.Release|ARM.Build.0 = Release|ARM
		{7C066383-2578-445F-ACAD-457ED603EBC2}.Release|x64.ActiveCfg = Release|x64
		{7C066383-2578-445F-ACAD-457ED603EBC2}.Release|x64.Build.0 = Release|x64
		{7C066383-2578-445F-ACAD-457ED603EBC2}.Release|x86.ActiveCfg = Release|Win32
		{7C066383-2578-445F-ACAD-457ED603EBC2}.Release|x86.Build.0 = Release|Win32
		{A7449ED3-8DD4-4A96-884D-0E3DCC5F7251}.Debug|ARM.ActiveCfg = Debug|ARM
		{A7449ED3-8DD4-4A96-884D-0E3DCC5F7251}.Debug|ARM.Build.0 = Debug|ARM
		{A7449ED3-8DD4-4A96-884D-0E3DCC5F7251}.Debug|ARM.Deploy.0 = Debug|ARM
		{A7449ED3-8DD4-4A96-884D-0E3DCC5F7251}.Debug|x64.ActiveCfg = Debug|Win32
		{A7449ED3-8DD4-4A96-884D-0E3DCC5F7251}.Debug|x64.Build.0 = Debug|Win32
		{A7449ED3-8DD4-4A96-884D-0E3DCC5F7251}.Debug|x86.ActiveCfg = Debug|Win32
		{A7449ED3-8DD4-4A96-884D-0E3DCC5F7251}.Debug|x86.Build.0 = Debug|Win32
		{A7449ED3-8DD4-4A96-884D-0E3DCC5F7251}.raspberry_debug|ARM.ActiveCfg = raspberry_debug|ARM
		{A7449ED3-8DD4-4A96-884D-0E3DCC5F7251}.raspberry_debug|ARM.Build.0 = raspberry_debug|ARM
		{A7449ED3-8DD4-4A96-884D-0E3DCC5F7251}.raspberry_debug|ARM.Deploy.0 = raspberry_debug|ARM
		{A7449ED3-8DD4-4A96-884D-0E3DCC5F7251}.raspberry_debug|x64.ActiveCfg = raspberry_debug|x64
		{A7449ED3-8DD4-4A96-884D-0E3DCC5F7251}.raspberry_debug|x64.Build.0 = raspberry_debug|x64
		{A7449ED3-8DD4-4A96-884D-0E3DCC5F7251}.raspberry_debug|x64.Deploy.0 = raspberry_debug|x64
		{A7449ED3-8DD4-4A96-884D-0E3DCC5F7251}.raspberry_debug|x86.ActiveCfg = raspberry_debug|Win32
		{A7449ED3-8DD4-4A96-884D-0E3DCC5F7251}.raspberry_debug|x86.Build.0 = raspberry_debug|Win32
		{A7449ED3-8DD4-4A96-884D-0E3DCC5F7251}.raspberry_debug|x86.Deploy.0 = raspberry_debug|Win32
		{A7449ED3-8DD4-4A96-884D-0E3DCC5F7251}.Release|ARM.ActiveCfg = Release|ARM
		{A7449ED3-8DD4-4A96-884D-0E3DCC5F7251}.Release|ARM.Build.0 = Release|ARM
		{A7449ED3-8DD4-4A96-884D-0E3DCC5F7251}.Release|ARM.Deploy.0 = Release|ARM
		{A7449ED3-8DD4-4A96-884D-0E3DCC5F7251}.Release|x64.ActiveCfg = Release|x64
		{A7449ED3-8DD4-4A96-884D-0E3DCC5F7251}.Release|x64.Build.0 = Release|x64
		{A7449ED3-8DD4-4A96-884D-0E3DCC5F7251}.Release|x86.ActiveCfg = Release|Win32
		{A7449ED3-8DD4-4A96-884D-0E3DCC5F7251}.Release|x86.Build.0 = Release|Win32
		{D43B53C8-5217-437A-9A69-C17A73EAE34F}.Debug|ARM.ActiveCfg = Debug|ARM
		{D43B53C8-5217-437A-9A69-C17A73EAE34F}.Debug|ARM.Build.0 = Debug|ARM
		{D43B53C8-5217-437A-9A69-C17A73EAE34F}.Debug|ARM.Deploy.0 = Debug|ARM
		{D43B53C8-5217-437A-9A69-C17A73EAE34F}.Debug|x64.ActiveCfg = Debug|Win32
		{D43B53C8-5217-437A-9A69-C17A73EAE34F}.Debug|x64.Build.0 = Debug|Win32
		{D43B53C8-5217-437A-9A69-C17A73EAE34F}.Debug|x86.ActiveCfg = Debug|Win32
		{D43B53C8-5217-437A-9A69-C17A73EAE34F}.Debug|x86.Build.0 = Debug|Win32
		{D43B53C8-5217-437A-9A69-C17A73EAE34F}.raspberry_debug|ARM.ActiveCfg = raspberry_debug|ARM
		{D43B53C8-5217-437A-9A69-C17A73EAE34F}.raspberry_debug|ARM.Build.0 = raspberry_debug|ARM
		{D43B53C8-5217-437A-9A69-C17A73EAE34F}.raspberry_debug|ARM.Deploy.0 = raspberry_debug|ARM
		{D43B53C8-5217-437A-9A69-C17A73EAE34F}.raspberry_debug|x64.ActiveCfg = raspberry_debug|x64
		{D43B53C8-5217-437A-9A69-C17A73EAE34F}.raspberry_debug|x64.Build.0 = raspberry_debug|x64
		{D43B53C8-5217-437A-9A69-C17A73EAE34F}.raspberry_debug|x64.Deploy.0 = raspberry_debug|x64
		{D43B53C8-5217-437A-9A69-C17A73EAE34F}.raspberry_debug|x86.ActiveCfg = raspberry_debug|Win32
		{D43B53C8-5217-437A-9A69-C17A73EAE34F}.raspberry_debug|x86.Build.0 = raspberry_debug|Win32
		{D43B53C8-5217-437A-9A69-C17A73EAE34F}.raspberry_debug|x86.Deploy.0 = raspberry_debug|Win32
		{D43B53C8-5217-437A-9A69-C17A73EAE34F}.Release|ARM.ActiveCfg = Release|ARM
		{D43B53C8-5217-437A-9A69-C17A73EAE34F}.Release|ARM.Build.0 = Release|ARM
		{D43B53C8-5217-437A-9A69-C17A73EAE34F}.Release|ARM.Deploy.0 = Release|ARM
		{D43B53C8-5217-437A-9A69-C17A73EAE34F}.Release|x64.ActiveCfg = Release|x64
		{D43B53C8-5217-437A-9A69-C17A73EAE34F}.Release|x64.Build.0 = Release|x64
		{D43B53C8-5217-437A-9A69-C17A73EAE34F}.Release|x86.ActiveCfg = Release|Win32
		{D43B53C8-5217-437A-9A69-C17A73EAE34F}.Release|x86.Build.0 = Release|Win32
		{11642C3A-9558-41A1-9342-4FC0B6E20AE0}.Debug|ARM.ActiveCfg = Debug|Win32
		{11642C3A-9558-41A1-9342-4FC0B6E20AE0}.Debug|x64.ActiveCfg = Debug|Win32
		{11642C3A-9558-41A1-9342-4FC0B6E20AE0}.Debug|x64.Build.0 = Debug|Win32
		{11642C3A-9558-41A1-9342-4FC0B6E20AE0}.Debug|x86.ActiveCfg = Debug|Win32
		{11642C3A-9558-41A1-9342-4FC0B6E20AE0}.Debug|x86.Build.0 = Debug|Win32
		{11642C3A-9558-41A1-9342-4FC0B6E20AE0}.raspberry_debug|ARM.ActiveCfg = Release|x64
		{11642C3A-9558-41A1-9342-4FC0B6E20AE0}.raspberry_debug|ARM.Build.0 = Release|x64
		{11642C3A-9558-41A1-9342-4FC0B6E20AE0}.raspberry_debug|x64.ActiveCfg = Release|x64
		{11642C3A-9558-41A1-9342-4FC0B6E20AE0}.raspberry_debug|x64.Build.0 = Release|x64
		{11642C3A-9558-41A1-9342-4FC0B6E20AE0}.raspberry_debug|x86.ActiveCfg = Release|Win32
		{11642C3A-9558-41A1-9342-4FC0B6E20AE0}.raspberry_debug|x86.Build.0 = Release|Win32
		{11642C3A-9558-41A1-9342-4FC0B6E20AE0}.Release|ARM.ActiveCfg = Release|Win32
		{11642C3A-9558-41A1-9342-4FC0B6E20AE0}.Release|x64.ActiveCfg = Release|x64
		{11642C3A-9558-41A1-9342-4FC0B6E20AE0}.Release|x64.Build.0 = Release|x64
		{11642C3A-9558-41A1-9342-4FC0B6E20AE0}.Release|x86.ActiveCfg = Release|Win32
		{11642C3A-9558-41A1-9342-4FC0B6E20AE0}.Release|x86.Build.0 = Release|Win32
		{0A58B22A-66B7-4432-8504-9666361E677D}.Debug|ARM.ActiveCfg = Debug|Win32
		{0A58B22A-66B7-4432-8504-9666361E677D}.Debug|x64.ActiveCfg = Debug|Win32
		{0A58B22A-66B7-4432-8504-9666361E677D}.Debug|x64.Build.0 = Debug|Win32
		{0A58B22A-66B7-4432-8504-9666361E677D}.Debug|x86.ActiveCfg = Debug|Win32
		{0A58B22A-66B7-4432-8504-9666361E677D}.Debug|x86.Build.0 = Debug|Win32
		{0A58B22A-66B7-4432-8504-9666361E677D}.raspberry_debug|ARM.ActiveCfg = Release|x64
		{0A58B22A-66B7-4432-8504-9666361E677D}.raspberry_debug|ARM.Build.0 = Release|x64
		{0A58B22A-66B7-4432-8504-9666361E677D}.raspberry_debug|x64.ActiveCfg = Release|x64
		{0A58B22A-66B7-4432-8504-9666361E677D}.raspberry_debug|x64.Build.0 = Release|x64
		{0A58B22A-66B7-4432-8504-9666361E677D}.raspberry_debug|x86.ActiveCfg = Release|Win32
		{0A58B22A-66B7-4432-8504-9666361E677D}.raspberry_debug|x86.Build.0 = Release|Win32
		{0A58B22A-66B7-4432-8504-9666361E677D}.Release|ARM.ActiveCfg = Release|Win32
		{0A58B22A-66B7-4432-8504-9666361E677D}.Release|x64.ActiveCfg = Release|x64
		{0A58B22A-66B7-4432-8504-9666361E677D}.Release|x64.Build.0 = Release|x64
		{0A58B22A-66B7-4432-8504-9666361E677D}.Release|x86.ActiveCfg = Release|Win32
		{0A58B22A-66B7-4432-8504-9666361E677D}.Release|x86.Build.0 = Release|Win32
		{5ACC37DD-73FC-4EEB-8859-9464FD773178}.Debug|ARM.ActiveCfg = Debug|Win32
		{5ACC37DD-73FC-4EEB-8859-9464FD773178}.Debug|x64.ActiveCfg = Debug|Win32
		{5ACC37DD-73FC-4EEB-8859-9464FD773178}.Debug|x64.Build.0 = Debug|Win32
		{5ACC37DD-73FC-4EEB-8859-9464FD773178}.Debug|x86.ActiveCfg = Debug|Win32
		{5ACC37DD-73FC-4EEB-8859-9464FD773178}.Debug|x86.Build.0 = Debug|Win32
		{5ACC37DD-73FC-4EEB-8859-9464FD773178}.raspberry_debug|ARM.ActiveCfg = Release|x64
		{5ACC37DD-73FC-4EEB-8859-9464FD773178}.raspberry_debug|ARM.Build.0 = Release|x64
		{5ACC37DD-73FC-4EEB-8859-9464FD773178}.raspberry_debug|x64.ActiveCfg = Release|x64
		{5ACC37DD-73FC-4EEB-8859-9464FD773178}.raspberry_debug|x64.Build.0 = Release|x64
		{5ACC37DD-73FC-4EEB-8859-9464FD773178}.raspberry_debug|x86.ActiveCfg = Release|Win32
		{5ACC37DD-73FC-4EEB-8859-9464FD773178}.raspberry_debug|x86.Build.0 = Release|Win32
		{5ACC37DD-73FC-4EEB-8859-9464FD773178}.Release|ARM.ActiveCfg = Release|Win32
		{5ACC37DD-73FC-4EEB-8859-9464FD773178}.Release|x64.ActiveCfg = Release|x64
		{5ACC37DD-73FC-4EEB-8859-9464FD773178}.Release|x64.Build.0 = Release|x64
		{5ACC37DD-73FC-4EEB-8859-9464FD773178}.Release|x86.ActiveCfg = Release|Win32
		{5ACC37DD-73FC-4EEB-8859-9464FD773178}.Release|x86.Build.0 = Release|Win32
		{3449E88D-A929-4ACB-A2C4-5B06B3C10A8F}.Debug|ARM.ActiveCfg = Debug|Win32
		{3449E88D-A929-4ACB-A2C4-5B06B3C10A8F}.Debug|x64.ActiveCfg = Debug|Win32
		{3449E88D-A929-4ACB-A2C4-5B06B3C10A8F}.Debug|x64.Build.0 = Debug|Win32
		{3449E88D-A929-4ACB-A2C4-5B06B3C10A8F}.Debug|x86.ActiveCfg = Debug|Win32
		{3449E88D-A929-4ACB-A2C4-5B06B3C10A8F}.Debug|x86.Build.0 = Debug|Win32
		{3449E88D-A929-4ACB-A2C4-5B06B3C10A8F}.raspberry_debug|ARM.ActiveCfg = Release|x64
		{3449E88D-A929-4ACB-A2C4-5B06B3C10A8F}.raspberry_debug|ARM.Build.0 = Release|x64
		{3449E88D-A929-4ACB-A2C4-5B06B3C10A8F}.raspberry_debug|x64.ActiveCfg = Release|x64
		{3449E88D-A929-4ACB-A2C4-5B06B3C10A8F}.raspberry_debug|x64.Build.0 = Release|x64
		{3449E88D-A929-4ACB-A2C4-5B06B3C10A8F}.raspberry_debug|x86.ActiveCfg = Release|Win32
		{3449E88D-A929-4ACB-A2C4-5B06B3C10A8F}.raspberry_debug|x86.Build.0 = Release|Win32
		{3449E88D-A929-4ACB-A2C4-5B06B3C10A8F}.Release|ARM.ActiveCfg = Release|Win32
		{3449E88D-A929-4ACB-A2C4-5B06B3C10A8F}.Release|x64.ActiveCfg = Release|x64
		{3449E88D-A929-4ACB-A2C4-5B06B3C10A8F}.Release|x64.Build.0 = Release|x64
		{3449E88D-A929-4ACB-A2C4-5B06B3C10A8F}.Release|x86.ActiveCfg = Release|Win32
		{3449E88D-A929-4ACB-A2C4-5B06B3C10A8F}.Release|x86.Build.0 = Release|Win32
	EndGlobalSection
	GlobalSection(SolutionProperties) = preSolution
		HideSolutionNode = FALSE
	EndGlobalSection
	GlobalSection(NestedProjects) = preSolution
		{5CB76774-7741-4E09-AAC0-B520B59740C7} = {4EE62742-1D7A-48C2-AA79-F7A4944FCEE4}
		{F16B5842-63D3-42C0-8E49-B3E1BB958FB5} = {4EE62742-1D7A-48C2-AA79-F7A4944FCEE4}
		{DA1C0566-9B05-4E32-A7DD-99C85AB6F07B} = {4EE62742-1D7A-48C2-AA79-F7A4944FCEE4}
		{7C066383-2578-445F-ACAD-457ED603EBC2} = {4EE62742-1D7A-48C2-AA79-F7A4944FCEE4}
		{A7449ED3-8DD4-4A96-884D-0E3DCC5F7251} = {393A36E0-76AB-445D-9C2B-74CAF4A1FB13}
		{D43B53C8-5217-437A-9A69-C17A73EAE34F} = {393A36E0-76AB-445D-9C2B-74CAF4A1FB13}
		{11642C3A-9558-41A1-9342-4FC0B6E20AE0} = {4EE62742-1D7A-48C2-AA79-F7A4944FCEE4}
		{0A58B22A-66B7-4432-8504-9666361E677D} = {D36EABCB-5B27-4E9C-B606-6B767E14DFF2}
		{5ACC37DD-73FC-4EEB-8859-9464FD773178} = {D36EABCB-5B27-4E9C-B606-6B767E14DFF2}
		{3449E88D-A929-4ACB-A2C4-5B06B3C10A8F} = {D36EABCB-5B27-4E9C-B606-6B767E14DFF2}
	EndGlobalSection
	GlobalSection(ExtensibilityGlobals) = postSolution
		SolutionGuid = {C1CFFD3D-EF89-4B67-9031-8200B858074E}
	EndGlobalSection
EndGlobal
